
Microsoft Visual Studio Solution File, Format Version 12.00
# Visual Studio Version 16
VisualStudioVersion = 16.0.31702.278
MinimumVisualStudioVersion = 10.0.40219.1
Project("{FAE04EC0-301F-11D3-BF4B-00C04F79EFBC}") = "TestGreet", "TestGreet\TestGreet.csproj", "{67F6B7BD-87DF-44C7-A63F-5B74044E78B5}"
EndProject
Project("{FAE04EC0-301F-11D3-BF4B-00C04F79EFBC}") = "TestGreet.Test", "TestGreet.Test\TestGreet.Test.csproj", "{FFD439F6-80BF-4B06-9106-F46F80971C54}"
EndProject
Global
	GlobalSection(SolutionConfigurationPlatforms) = preSolution
		Debug|Any CPU = Debug|Any CPU
		Release|Any CPU = Release|Any CPU
	EndGlobalSection
	GlobalSection(ProjectConfigurationPlatforms) = postSolution
		{67F6B7BD-87DF-44C7-A63F-5B74044E78B5}.Debug|Any CPU.ActiveCfg = Debug|Any CPU
		{67F6B7BD-87DF-44C7-A63F-5B74044E78B5}.Debug|Any CPU.Build.0 = Debug|Any CPU
		{67F6B7BD-87DF-44C7-A63F-5B74044E78B5}.Release|Any CPU.ActiveCfg = Release|Any CPU
		{67F6B7BD-87DF-44C7-A63F-5B74044E78B5}.Release|Any CPU.Build.0 = Release|Any CPU
		{FFD439F6-80BF-4B06-9106-F46F80971C54}.Debug|Any CPU.ActiveCfg = Debug|Any CPU
		{FFD439F6-80BF-4B06-9106-F46F80971C54}.Debug|Any CPU.Build.0 = Debug|Any CPU
		{FFD439F6-80BF-4B06-9106-F46F80971C54}.Release|Any CPU.ActiveCfg = Release|Any CPU
		{FFD439F6-80BF-4B06-9106-F46F80971C54}.Release|Any CPU.Build.0 = Release|Any CPU
	EndGlobalSection
	GlobalSection(SolutionProperties) = preSolution
		HideSolutionNode = FALSE
	EndGlobalSection
	GlobalSection(ExtensibilityGlobals) = postSolution
		SolutionGuid = {81E544AF-1157-4421-A0EA-814262073C74}
	EndGlobalSection
EndGlobal
